
Microsoft Visual Studio Solution File, Format Version 12.00
# Visual Studio Version 17
VisualStudioVersion = 17.0.31903.59
MinimumVisualStudioVersion = 10.0.40219.1
Project("{2150E333-8FDC-42A3-9474-1A3956D46DE8}") = "src", "src", "{DADEA7A4-C778-4A9B-976C-A5263734BA8F}"
EndProject
Project("{FAE04EC0-301F-11D3-BF4B-00C04F79EFBC}") = "Api", "src\Api\Api.csproj", "{D0101145-53EA-490F-A342-F00417D7BD73}"
EndProject
Project("{FAE04EC0-301F-11D3-BF4B-00C04F79EFBC}") = "Application", "src\Application\Application.csproj", "{6DC78E22-0711-4838-8D98-EF9EFE30278C}"
EndProject
Project("{FAE04EC0-301F-11D3-BF4B-00C04F79EFBC}") = "Infrastructure", "src\Infrastructure\Infrastructure.csproj", "{B7EDF04B-5BEC-4877-916A-FE6B281CAD9E}"
EndProject
Project("{FAE04EC0-301F-11D3-BF4B-00C04F79EFBC}") = "Persistence", "src\Persistence\Persistence.csproj", "{61BC5A22-3E85-4B40-94B1-EB2793395151}"
EndProject
Project("{FAE04EC0-301F-11D3-BF4B-00C04F79EFBC}") = "Domain", "src\Domain\Domain.csproj", "{02269EDA-7EED-4B09-A5D1-D8911863EABF}"
EndProject
Project("{2150E333-8FDC-42A3-9474-1A3956D46DE8}") = "tests", "tests", "{3DEB3234-7680-43C0-8187-37757FD9577D}"
EndProject
Project("{FAE04EC0-301F-11D3-BF4B-00C04F79EFBC}") = "Api.Tests", "tests\Api.Tests\Api.Tests.csproj", "{B4C4FC86-9588-4E61-BA93-BA4DABF40F72}"
EndProject
Project("{FAE04EC0-301F-11D3-BF4B-00C04F79EFBC}") = "Application.Tests", "tests\Application.Tests\Application.Tests.csproj", "{DA8EE622-861F-4A9C-A181-2F5E072BDA50}"
EndProject
Project("{FAE04EC0-301F-11D3-BF4B-00C04F79EFBC}") = "Infrastructure.Tests", "tests\Infrastructure.Tests\Infrastructure.Tests.csproj", "{3E651672-32E8-4A8A-9229-F2769A16B586}"
EndProject
Project("{FAE04EC0-301F-11D3-BF4B-00C04F79EFBC}") = "Persistence.Tests", "tests\Persistence.Tests\Persistence.Tests.csproj", "{90E782FD-CC21-4024-ACFE-91ECDE29B782}"
EndProject
Project("{FAE04EC0-301F-11D3-BF4B-00C04F79EFBC}") = "Domain.Tests", "tests\Domain.Tests\Domain.Tests.csproj", "{510BB36D-1981-418A-AEC0-8F8CD85E2E80}"
EndProject
Global
	GlobalSection(SolutionConfigurationPlatforms) = preSolution
		Debug|Any CPU = Debug|Any CPU
		Release|Any CPU = Release|Any CPU
	EndGlobalSection
	GlobalSection(SolutionProperties) = preSolution
		HideSolutionNode = FALSE
	EndGlobalSection
	GlobalSection(ProjectConfigurationPlatforms) = postSolution
		{D0101145-53EA-490F-A342-F00417D7BD73}.Debug|Any CPU.ActiveCfg = Debug|Any CPU
		{D0101145-53EA-490F-A342-F00417D7BD73}.Debug|Any CPU.Build.0 = Debug|Any CPU
		{D0101145-53EA-490F-A342-F00417D7BD73}.Release|Any CPU.ActiveCfg = Release|Any CPU
		{D0101145-53EA-490F-A342-F00417D7BD73}.Release|Any CPU.Build.0 = Release|Any CPU
		{6DC78E22-0711-4838-8D98-EF9EFE30278C}.Debug|Any CPU.ActiveCfg = Debug|Any CPU
		{6DC78E22-0711-4838-8D98-EF9EFE30278C}.Debug|Any CPU.Build.0 = Debug|Any CPU
		{6DC78E22-0711-4838-8D98-EF9EFE30278C}.Release|Any CPU.ActiveCfg = Release|Any CPU
		{6DC78E22-0711-4838-8D98-EF9EFE30278C}.Release|Any CPU.Build.0 = Release|Any CPU
		{B7EDF04B-5BEC-4877-916A-FE6B281CAD9E}.Debug|Any CPU.ActiveCfg = Debug|Any CPU
		{B7EDF04B-5BEC-4877-916A-FE6B281CAD9E}.Debug|Any CPU.Build.0 = Debug|Any CPU
		{B7EDF04B-5BEC-4877-916A-FE6B281CAD9E}.Release|Any CPU.ActiveCfg = Release|Any CPU
		{B7EDF04B-5BEC-4877-916A-FE6B281CAD9E}.Release|Any CPU.Build.0 = Release|Any CPU
		{61BC5A22-3E85-4B40-94B1-EB2793395151}.Debug|Any CPU.ActiveCfg = Debug|Any CPU
		{61BC5A22-3E85-4B40-94B1-EB2793395151}.Debug|Any CPU.Build.0 = Debug|Any CPU
		{61BC5A22-3E85-4B40-94B1-EB2793395151}.Release|Any CPU.ActiveCfg = Release|Any CPU
		{61BC5A22-3E85-4B40-94B1-EB2793395151}.Release|Any CPU.Build.0 = Release|Any CPU
		{02269EDA-7EED-4B09-A5D1-D8911863EABF}.Debug|Any CPU.ActiveCfg = Debug|Any CPU
		{02269EDA-7EED-4B09-A5D1-D8911863EABF}.Debug|Any CPU.Build.0 = Debug|Any CPU
		{02269EDA-7EED-4B09-A5D1-D8911863EABF}.Release|Any CPU.ActiveCfg = Release|Any CPU
		{02269EDA-7EED-4B09-A5D1-D8911863EABF}.Release|Any CPU.Build.0 = Release|Any CPU
		{B4C4FC86-9588-4E61-BA93-BA4DABF40F72}.Debug|Any CPU.ActiveCfg = Debug|Any CPU
		{B4C4FC86-9588-4E61-BA93-BA4DABF40F72}.Debug|Any CPU.Build.0 = Debug|Any CPU
		{B4C4FC86-9588-4E61-BA93-BA4DABF40F72}.Release|Any CPU.ActiveCfg = Release|Any CPU
		{B4C4FC86-9588-4E61-BA93-BA4DABF40F72}.Release|Any CPU.Build.0 = Release|Any CPU
		{DA8EE622-861F-4A9C-A181-2F5E072BDA50}.Debug|Any CPU.ActiveCfg = Debug|Any CPU
		{DA8EE622-861F-4A9C-A181-2F5E072BDA50}.Debug|Any CPU.Build.0 = Debug|Any CPU
		{DA8EE622-861F-4A9C-A181-2F5E072BDA50}.Release|Any CPU.ActiveCfg = Release|Any CPU
		{DA8EE622-861F-4A9C-A181-2F5E072BDA50}.Release|Any CPU.Build.0 = Release|Any CPU
		{3E651672-32E8-4A8A-9229-F2769A16B586}.Debug|Any CPU.ActiveCfg = Debug|Any CPU
		{3E651672-32E8-4A8A-9229-F2769A16B586}.Debug|Any CPU.Build.0 = Debug|Any CPU
		{3E651672-32E8-4A8A-9229-F2769A16B586}.Release|Any CPU.ActiveCfg = Release|Any CPU
		{3E651672-32E8-4A8A-9229-F2769A16B586}.Release|Any CPU.Build.0 = Release|Any CPU
		{90E782FD-CC21-4024-ACFE-91ECDE29B782}.Debug|Any CPU.ActiveCfg = Debug|Any CPU
		{90E782FD-CC21-4024-ACFE-91ECDE29B782}.Debug|Any CPU.Build.0 = Debug|Any CPU
		{90E782FD-CC21-4024-ACFE-91ECDE29B782}.Release|Any CPU.ActiveCfg = Release|Any CPU
		{90E782FD-CC21-4024-ACFE-91ECDE29B782}.Release|Any CPU.Build.0 = Release|Any CPU
		{510BB36D-1981-418A-AEC0-8F8CD85E2E80}.Debug|Any CPU.ActiveCfg = Debug|Any CPU
		{510BB36D-1981-418A-AEC0-8F8CD85E2E80}.Debug|Any CPU.Build.0 = Debug|Any CPU
		{510BB36D-1981-418A-AEC0-8F8CD85E2E80}.Release|Any CPU.ActiveCfg = Release|Any CPU
		{510BB36D-1981-418A-AEC0-8F8CD85E2E80}.Release|Any CPU.Build.0 = Release|Any CPU
	EndGlobalSection
	GlobalSection(NestedProjects) = preSolution
		{D0101145-53EA-490F-A342-F00417D7BD73} = {DADEA7A4-C778-4A9B-976C-A5263734BA8F}
		{6DC78E22-0711-4838-8D98-EF9EFE30278C} = {DADEA7A4-C778-4A9B-976C-A5263734BA8F}
		{B7EDF04B-5BEC-4877-916A-FE6B281CAD9E} = {DADEA7A4-C778-4A9B-976C-A5263734BA8F}
		{61BC5A22-3E85-4B40-94B1-EB2793395151} = {DADEA7A4-C778-4A9B-976C-A5263734BA8F}
		{02269EDA-7EED-4B09-A5D1-D8911863EABF} = {DADEA7A4-C778-4A9B-976C-A5263734BA8F}
		{B4C4FC86-9588-4E61-BA93-BA4DABF40F72} = {3DEB3234-7680-43C0-8187-37757FD9577D}
		{DA8EE622-861F-4A9C-A181-2F5E072BDA50} = {3DEB3234-7680-43C0-8187-37757FD9577D}
		{3E651672-32E8-4A8A-9229-F2769A16B586} = {3DEB3234-7680-43C0-8187-37757FD9577D}
		{90E782FD-CC21-4024-ACFE-91ECDE29B782} = {3DEB3234-7680-43C0-8187-37757FD9577D}
		{510BB36D-1981-418A-AEC0-8F8CD85E2E80} = {3DEB3234-7680-43C0-8187-37757FD9577D}
	EndGlobalSection
EndGlobal
